
Microsoft Visual Studio Solution File, Format Version 12.00
# Visual Studio Version 16
VisualStudioVersion = 16.0.29409.12
MinimumVisualStudioVersion = 10.0.40219.1
Project("{8BC9CEB8-8B4A-11D0-8D11-00A0C91BC942}") = "Задача 9", "Задача 9\Задача 9.vcxproj", "{373A10CA-688C-4A81-8A9E-67D369B42C79}"
EndProject
Global
	GlobalSection(SolutionConfigurationPlatforms) = preSolution
		Debug|x64 = Debug|x64
		Debug|x86 = Debug|x86
		Release|x64 = Release|x64
		Release|x86 = Release|x86
	EndGlobalSection
	GlobalSection(ProjectConfigurationPlatforms) = postSolution
		{373A10CA-688C-4A81-8A9E-67D369B42C79}.Debug|x64.ActiveCfg = Debug|x64
		{373A10CA-688C-4A81-8A9E-67D369B42C79}.Debug|x64.Build.0 = Debug|x64
		{373A10CA-688C-4A81-8A9E-67D369B42C79}.Debug|x86.ActiveCfg = Debug|Win32
		{373A10CA-688C-4A81-8A9E-67D369B42C79}.Debug|x86.Build.0 = Debug|Win32
		{373A10CA-688C-4A81-8A9E-67D369B42C79}.Release|x64.ActiveCfg = Release|x64
		{373A10CA-688C-4A81-8A9E-67D369B42C79}.Release|x64.Build.0 = Release|x64
		{373A10CA-688C-4A81-8A9E-67D369B42C79}.Release|x86.ActiveCfg = Release|Win32
		{373A10CA-688C-4A81-8A9E-67D369B42C79}.Release|x86.Build.0 = Release|Win32
	EndGlobalSection
	GlobalSection(SolutionProperties) = preSolution
		HideSolutionNode = FALSE
	EndGlobalSection
	GlobalSection(ExtensibilityGlobals) = postSolution
		SolutionGuid = {4AD9AE94-8474-4015-A47A-2792F87D4D1E}
	EndGlobalSection
EndGlobal