
Microsoft Visual Studio Solution File, Format Version 12.00
# Visual Studio Version 16
VisualStudioVersion = 16.0.29409.12
MinimumVisualStudioVersion = 10.0.40219.1
Project("{8BC9CEB8-8B4A-11D0-8D11-00A0C91BC942}") = "zadacha 7", "zadacha 7\zadacha 7.vcxproj", "{176AEEDB-6098-4133-8F71-DFFD4ACE5AF8}"
EndProject
Global
	GlobalSection(SolutionConfigurationPlatforms) = preSolution
		Debug|x64 = Debug|x64
		Debug|x86 = Debug|x86
		Release|x64 = Release|x64
		Release|x86 = Release|x86
	EndGlobalSection
	GlobalSection(ProjectConfigurationPlatforms) = postSolution
		{176AEEDB-6098-4133-8F71-DFFD4ACE5AF8}.Debug|x64.ActiveCfg = Debug|x64
		{176AEEDB-6098-4133-8F71-DFFD4ACE5AF8}.Debug|x64.Build.0 = Debug|x64
		{176AEEDB-6098-4133-8F71-DFFD4ACE5AF8}.Debug|x86.ActiveCfg = Debug|Win32
		{176AEEDB-6098-4133-8F71-DFFD4ACE5AF8}.Debug|x86.Build.0 = Debug|Win32
		{176AEEDB-6098-4133-8F71-DFFD4ACE5AF8}.Release|x64.ActiveCfg = Release|x64
		{176AEEDB-6098-4133-8F71-DFFD4ACE5AF8}.Release|x64.Build.0 = Release|x64
		{176AEEDB-6098-4133-8F71-DFFD4ACE5AF8}.Release|x86.ActiveCfg = Release|Win32
		{176AEEDB-6098-4133-8F71-DFFD4ACE5AF8}.Release|x86.Build.0 = Release|Win32
	EndGlobalSection
	GlobalSection(SolutionProperties) = preSolution
		HideSolutionNode = FALSE
	EndGlobalSection
	GlobalSection(ExtensibilityGlobals) = postSolution
		SolutionGuid = {EEEC0DE4-3491-42A2-AA1F-4AF9B30D6C3F}
	EndGlobalSection
EndGlobal