
Microsoft Visual Studio Solution File, Format Version 12.00
# Visual Studio Version 17
VisualStudioVersion = 17.0.31903.59
MinimumVisualStudioVersion = 10.0.40219.1
Project("{8BC9CEB8-8B4A-11D0-8D11-00A0C91BC942}") = "Structs", "Structs\Structs.vcxproj", "{2FAFA091-3F7C-4680-91A6-CB6DC4B61993}"
EndProject
Project("{8BC9CEB8-8B4A-11D0-8D11-00A0C91BC942}") = "MultidimentionalArray", "MultidimentionalArray\MultidimentionalArray.vcxproj", "{251A77FA-9DED-439E-8273-79C7A98FA9A8}"
EndProject
Project("{8BC9CEB8-8B4A-11D0-8D11-00A0C91BC942}") = "Calculator", "Calculator\Calculator.vcxproj", "{CBDF9483-8F48-44AF-BAB1-8D5B2FC696BC}"
EndProject
Project("{8BC9CEB8-8B4A-11D0-8D11-00A0C91BC942}") = "switchExample1", "switchExample1\switchExample1.vcxproj", "{54080BD9-B27F-4A6C-8A98-C9EA6A3C44A3}"
EndProject
Project("{8BC9CEB8-8B4A-11D0-8D11-00A0C91BC942}") = "switchExample2", "switchExample2\switchExample2.vcxproj", "{622F8ECF-D75A-4B9C-9947-410836A593DB}"
EndProject
Project("{8BC9CEB8-8B4A-11D0-8D11-00A0C91BC942}") = "functionsExample1", "functionsExample1\functionsExample1.vcxproj", "{0BD8F8D5-431A-4DF8-9F9E-8BC130B0263B}"
EndProject
Project("{8BC9CEB8-8B4A-11D0-8D11-00A0C91BC942}") = "functionsExample2", "functionsExample2\functionsExample2.vcxproj", "{438D8C00-1079-48BB-B2E5-B8435ED97C54}"
EndProject
Project("{8BC9CEB8-8B4A-11D0-8D11-00A0C91BC942}") = "Tests", "Tests\Tests.vcxproj", "{5D831D67-E480-4A7A-9D50-88414B61D39E}"
EndProject
Project("{8BC9CEB8-8B4A-11D0-8D11-00A0C91BC942}") = "loopExample1", "loopExample1\loopExample1.vcxproj", "{152400B0-D10E-4C76-AA65-632CF9AD630C}"
EndProject
Project("{8BC9CEB8-8B4A-11D0-8D11-00A0C91BC942}") = "Exam1", "Exam1\Exam1.vcxproj", "{0A7731EA-BAD1-4BEE-BE0C-AA1F884E768B}"
EndProject
Project("{8BC9CEB8-8B4A-11D0-8D11-00A0C91BC942}") = "Exam2", "Exam2\Exam2.vcxproj", "{C1D4A954-E634-4908-AD0C-A33D61406181}"
EndProject
Project("{8BC9CEB8-8B4A-11D0-8D11-00A0C91BC942}") = "ArrayExample1", "ArrayExample1\ArrayExample1.vcxproj", "{B29EC540-9C2A-4F0D-8F22-0686A8A5D235}"
EndProject
Project("{8BC9CEB8-8B4A-11D0-8D11-00A0C91BC942}") = "ArrayExample2", "ArrayExample2\ArrayExample2.vcxproj", "{9E7A3E28-216C-4A8C-B230-D2BB9A982579}"
EndProject
Project("{8BC9CEB8-8B4A-11D0-8D11-00A0C91BC942}") = "StringExample1", "StringExample1\StringExample1.vcxproj", "{0213AC8A-76F0-4910-8B2B-1BBACC1FB706}"
EndProject
Project("{8BC9CEB8-8B4A-11D0-8D11-00A0C91BC942}") = "ArrayExample3", "ArrayExample3\ArrayExample3.vcxproj", "{C553A8BA-6232-49B3-8B81-F167670F0BB9}"
EndProject
Project("{8BC9CEB8-8B4A-11D0-8D11-00A0C91BC942}") = "DynamicArray", "DynamicArray\DynamicArray.vcxproj", "{22AD3D71-B2BC-4BB6-8A71-25D4B946C281}"
EndProject
Project("{8BC9CEB8-8B4A-11D0-8D11-00A0C91BC942}") = "SearchExample1", "SearchExample1\SearchExample1.vcxproj", "{7A20FAB9-5DC0-4927-A8D8-0E3070AE3559}"
EndProject
Project("{8BC9CEB8-8B4A-11D0-8D11-00A0C91BC942}") = "ArrayExample4", "ArrayExample4\ArrayExample4.vcxproj", "{0E9F7244-1019-40E8-BC61-B96AAB484E32}"
EndProject
Project("{8BC9CEB8-8B4A-11D0-8D11-00A0C91BC942}") = "SearchExample2", "SearchExample2\SearchExample2.vcxproj", "{79A828EC-B1F2-4C59-AFD2-E63CF8BDE767}"
EndProject
Project("{8BC9CEB8-8B4A-11D0-8D11-00A0C91BC942}") = "SearchExample3", "SearchExample3\SearchExample3.vcxproj", "{CB3448A9-6D60-4AB2-BADD-123E951FA266}"
EndProject
Project("{8BC9CEB8-8B4A-11D0-8D11-00A0C91BC942}") = "SearchExample5", "SearchExample5\SearchExample5.vcxproj", "{05C9E04C-7DBA-47C3-BCA7-7D4F69526196}"
EndProject
Project("{8BC9CEB8-8B4A-11D0-8D11-00A0C91BC942}") = "SearchExample4", "SearchExample4\SearchExample4.vcxproj", "{1C6367B2-0E0F-4F5B-8FD1-2F5B414A2C76}"
EndProject
Project("{8BC9CEB8-8B4A-11D0-8D11-00A0C91BC942}") = "BubbleSort", "BubbleSort\BubbleSort.vcxproj", "{E6CE3DD4-2462-46A4-B014-C7BEBE5FBAFD}"
EndProject
Project("{8BC9CEB8-8B4A-11D0-8D11-00A0C91BC942}") = "StringExample2", "StringExample2\StringExample2.vcxproj", "{C01F9F0D-7B1F-48B3-B8A1-464E656D7F67}"
EndProject
Project("{8BC9CEB8-8B4A-11D0-8D11-00A0C91BC942}") = "StringExample3", "StringExample3\StringExample3.vcxproj", "{DAA0BB49-BF3F-4700-B646-33D2A7B7FA6A}"
EndProject
Project("{8BC9CEB8-8B4A-11D0-8D11-00A0C91BC942}") = "filesExample1", "filesExample1\filesExample1.vcxproj", "{3E39F402-375A-409F-89F5-31BFDE3A3CC4}"
EndProject
Project("{8BC9CEB8-8B4A-11D0-8D11-00A0C91BC942}") = "fileExample2", "fileExample2\fileExample2.vcxproj", "{98A4DF63-935C-483A-9602-B559A56F2EA6}"
EndProject
Project("{8BC9CEB8-8B4A-11D0-8D11-00A0C91BC942}") = "PointerExample1", "PointerExample1\PointerExample1.vcxproj", "{DC402CDA-F514-47CA-9B16-7942D7A699CA}"
EndProject
Project("{8BC9CEB8-8B4A-11D0-8D11-00A0C91BC942}") = "SearchExample6", "SearchExample6\SearchExample6.vcxproj", "{E78E95E7-5FB1-4C8E-B16E-AE0BD7A2C0C1}"
EndProject
Global
	GlobalSection(SolutionConfigurationPlatforms) = preSolution
		Debug|Any CPU = Debug|Any CPU
		Debug|x64 = Debug|x64
		Debug|x86 = Debug|x86
		Release|Any CPU = Release|Any CPU
		Release|x64 = Release|x64
		Release|x86 = Release|x86
	EndGlobalSection
	GlobalSection(ProjectConfigurationPlatforms) = postSolution
		{2FAFA091-3F7C-4680-91A6-CB6DC4B61993}.Debug|Any CPU.ActiveCfg = Debug|x64
		{2FAFA091-3F7C-4680-91A6-CB6DC4B61993}.Debug|Any CPU.Build.0 = Debug|x64
		{2FAFA091-3F7C-4680-91A6-CB6DC4B61993}.Debug|x64.ActiveCfg = Debug|x64
		{2FAFA091-3F7C-4680-91A6-CB6DC4B61993}.Debug|x64.Build.0 = Debug|x64
		{2FAFA091-3F7C-4680-91A6-CB6DC4B61993}.Debug|x86.ActiveCfg = Debug|Win32
		{2FAFA091-3F7C-4680-91A6-CB6DC4B61993}.Debug|x86.Build.0 = Debug|Win32
		{2FAFA091-3F7C-4680-91A6-CB6DC4B61993}.Release|Any CPU.ActiveCfg = Release|x64
		{2FAFA091-3F7C-4680-91A6-CB6DC4B61993}.Release|Any CPU.Build.0 = Release|x64
		{2FAFA091-3F7C-4680-91A6-CB6DC4B61993}.Release|x64.ActiveCfg = Release|x64
		{2FAFA091-3F7C-4680-91A6-CB6DC4B61993}.Release|x64.Build.0 = Release|x64
		{2FAFA091-3F7C-4680-91A6-CB6DC4B61993}.Release|x86.ActiveCfg = Release|Win32
		{2FAFA091-3F7C-4680-91A6-CB6DC4B61993}.Release|x86.Build.0 = Release|Win32
		{251A77FA-9DED-439E-8273-79C7A98FA9A8}.Debug|Any CPU.ActiveCfg = Debug|x64
		{251A77FA-9DED-439E-8273-79C7A98FA9A8}.Debug|Any CPU.Build.0 = Debug|x64
		{251A77FA-9DED-439E-8273-79C7A98FA9A8}.Debug|x64.ActiveCfg = Debug|x64
		{251A77FA-9DED-439E-8273-79C7A98FA9A8}.Debug|x64.Build.0 = Debug|x64
		{251A77FA-9DED-439E-8273-79C7A98FA9A8}.Debug|x86.ActiveCfg = Debug|Win32
		{251A77FA-9DED-439E-8273-79C7A98FA9A8}.Debug|x86.Build.0 = Debug|Win32
		{251A77FA-9DED-439E-8273-79C7A98FA9A8}.Release|Any CPU.ActiveCfg = Release|x64
		{251A77FA-9DED-439E-8273-79C7A98FA9A8}.Release|Any CPU.Build.0 = Release|x64
		{251A77FA-9DED-439E-8273-79C7A98FA9A8}.Release|x64.ActiveCfg = Release|x64
		{251A77FA-9DED-439E-8273-79C7A98FA9A8}.Release|x64.Build.0 = Release|x64
		{251A77FA-9DED-439E-8273-79C7A98FA9A8}.Release|x86.ActiveCfg = Release|Win32
		{251A77FA-9DED-439E-8273-79C7A98FA9A8}.Release|x86.Build.0 = Release|Win32
		{CBDF9483-8F48-44AF-BAB1-8D5B2FC696BC}.Debug|Any CPU.ActiveCfg = Debug|x64
		{CBDF9483-8F48-44AF-BAB1-8D5B2FC696BC}.Debug|Any CPU.Build.0 = Debug|x64
		{CBDF9483-8F48-44AF-BAB1-8D5B2FC696BC}.Debug|x64.ActiveCfg = Debug|x64
		{CBDF9483-8F48-44AF-BAB1-8D5B2FC696BC}.Debug|x64.Build.0 = Debug|x64
		{CBDF9483-8F48-44AF-BAB1-8D5B2FC696BC}.Debug|x86.ActiveCfg = Debug|Win32
		{CBDF9483-8F48-44AF-BAB1-8D5B2FC696BC}.Debug|x86.Build.0 = Debug|Win32
		{CBDF9483-8F48-44AF-BAB1-8D5B2FC696BC}.Release|Any CPU.ActiveCfg = Release|x64
		{CBDF9483-8F48-44AF-BAB1-8D5B2FC696BC}.Release|Any CPU.Build.0 = Release|x64
		{CBDF9483-8F48-44AF-BAB1-8D5B2FC696BC}.Release|x64.ActiveCfg = Release|x64
		{CBDF9483-8F48-44AF-BAB1-8D5B2FC696BC}.Release|x64.Build.0 = Release|x64
		{CBDF9483-8F48-44AF-BAB1-8D5B2FC696BC}.Release|x86.ActiveCfg = Release|Win32
		{CBDF9483-8F48-44AF-BAB1-8D5B2FC696BC}.Release|x86.Build.0 = Release|Win32
		{54080BD9-B27F-4A6C-8A98-C9EA6A3C44A3}.Debug|Any CPU.ActiveCfg = Debug|x64
		{54080BD9-B27F-4A6C-8A98-C9EA6A3C44A3}.Debug|Any CPU.Build.0 = Debug|x64
		{54080BD9-B27F-4A6C-8A98-C9EA6A3C44A3}.Debug|x64.ActiveCfg = Debug|x64
		{54080BD9-B27F-4A6C-8A98-C9EA6A3C44A3}.Debug|x64.Build.0 = Debug|x64
		{54080BD9-B27F-4A6C-8A98-C9EA6A3C44A3}.Debug|x86.ActiveCfg = Debug|Win32
		{54080BD9-B27F-4A6C-8A98-C9EA6A3C44A3}.Debug|x86.Build.0 = Debug|Win32
		{54080BD9-B27F-4A6C-8A98-C9EA6A3C44A3}.Release|Any CPU.ActiveCfg = Release|x64
		{54080BD9-B27F-4A6C-8A98-C9EA6A3C44A3}.Release|Any CPU.Build.0 = Release|x64
		{54080BD9-B27F-4A6C-8A98-C9EA6A3C44A3}.Release|x64.ActiveCfg = Release|x64
		{54080BD9-B27F-4A6C-8A98-C9EA6A3C44A3}.Release|x64.Build.0 = Release|x64
		{54080BD9-B27F-4A6C-8A98-C9EA6A3C44A3}.Release|x86.ActiveCfg = Release|Win32
		{54080BD9-B27F-4A6C-8A98-C9EA6A3C44A3}.Release|x86.Build.0 = Release|Win32
		{622F8ECF-D75A-4B9C-9947-410836A593DB}.Debug|Any CPU.ActiveCfg = Debug|x64
		{622F8ECF-D75A-4B9C-9947-410836A593DB}.Debug|Any CPU.Build.0 = Debug|x64
		{622F8ECF-D75A-4B9C-9947-410836A593DB}.Debug|x64.ActiveCfg = Debug|x64
		{622F8ECF-D75A-4B9C-9947-410836A593DB}.Debug|x64.Build.0 = Debug|x64
		{622F8ECF-D75A-4B9C-9947-410836A593DB}.Debug|x86.ActiveCfg = Debug|Win32
		{622F8ECF-D75A-4B9C-9947-410836A593DB}.Debug|x86.Build.0 = Debug|Win32
		{622F8ECF-D75A-4B9C-9947-410836A593DB}.Release|Any CPU.ActiveCfg = Release|x64
		{622F8ECF-D75A-4B9C-9947-410836A593DB}.Release|Any CPU.Build.0 = Release|x64
		{622F8ECF-D75A-4B9C-9947-410836A593DB}.Release|x64.ActiveCfg = Release|x64
		{622F8ECF-D75A-4B9C-9947-410836A593DB}.Release|x64.Build.0 = Release|x64
		{622F8ECF-D75A-4B9C-9947-410836A593DB}.Release|x86.ActiveCfg = Release|Win32
		{622F8ECF-D75A-4B9C-9947-410836A593DB}.Release|x86.Build.0 = Release|Win32
		{0BD8F8D5-431A-4DF8-9F9E-8BC130B0263B}.Debug|Any CPU.ActiveCfg = Debug|x64
		{0BD8F8D5-431A-4DF8-9F9E-8BC130B0263B}.Debug|Any CPU.Build.0 = Debug|x64
		{0BD8F8D5-431A-4DF8-9F9E-8BC130B0263B}.Debug|x64.ActiveCfg = Debug|x64
		{0BD8F8D5-431A-4DF8-9F9E-8BC130B0263B}.Debug|x64.Build.0 = Debug|x64
		{0BD8F8D5-431A-4DF8-9F9E-8BC130B0263B}.Debug|x86.ActiveCfg = Debug|Win32
		{0BD8F8D5-431A-4DF8-9F9E-8BC130B0263B}.Debug|x86.Build.0 = Debug|Win32
		{0BD8F8D5-431A-4DF8-9F9E-8BC130B0263B}.Release|Any CPU.ActiveCfg = Release|x64
		{0BD8F8D5-431A-4DF8-9F9E-8BC130B0263B}.Release|Any CPU.Build.0 = Release|x64
		{0BD8F8D5-431A-4DF8-9F9E-8BC130B0263B}.Release|x64.ActiveCfg = Release|x64
		{0BD8F8D5-431A-4DF8-9F9E-8BC130B0263B}.Release|x64.Build.0 = Release|x64
		{0BD8F8D5-431A-4DF8-9F9E-8BC130B0263B}.Release|x86.ActiveCfg = Release|Win32
		{0BD8F8D5-431A-4DF8-9F9E-8BC130B0263B}.Release|x86.Build.0 = Release|Win32
		{438D8C00-1079-48BB-B2E5-B8435ED97C54}.Debug|Any CPU.ActiveCfg = Debug|x64
		{438D8C00-1079-48BB-B2E5-B8435ED97C54}.Debug|Any CPU.Build.0 = Debug|x64
		{438D8C00-1079-48BB-B2E5-B8435ED97C54}.Debug|x64.ActiveCfg = Debug|x64
		{438D8C00-1079-48BB-B2E5-B8435ED97C54}.Debug|x64.Build.0 = Debug|x64
		{438D8C00-1079-48BB-B2E5-B8435ED97C54}.Debug|x86.ActiveCfg = Debug|Win32
		{438D8C00-1079-48BB-B2E5-B8435ED97C54}.Debug|x86.Build.0 = Debug|Win32
		{438D8C00-1079-48BB-B2E5-B8435ED97C54}.Release|Any CPU.ActiveCfg = Release|x64
		{438D8C00-1079-48BB-B2E5-B8435ED97C54}.Release|Any CPU.Build.0 = Release|x64
		{438D8C00-1079-48BB-B2E5-B8435ED97C54}.Release|x64.ActiveCfg = Release|x64
		{438D8C00-1079-48BB-B2E5-B8435ED97C54}.Release|x64.Build.0 = Release|x64
		{438D8C00-1079-48BB-B2E5-B8435ED97C54}.Release|x86.ActiveCfg = Release|Win32
		{438D8C00-1079-48BB-B2E5-B8435ED97C54}.Release|x86.Build.0 = Release|Win32
		{5D831D67-E480-4A7A-9D50-88414B61D39E}.Debug|Any CPU.ActiveCfg = Debug|x64
		{5D831D67-E480-4A7A-9D50-88414B61D39E}.Debug|Any CPU.Build.0 = Debug|x64
		{5D831D67-E480-4A7A-9D50-88414B61D39E}.Debug|x64.ActiveCfg = Debug|x64
		{5D831D67-E480-4A7A-9D50-88414B61D39E}.Debug|x64.Build.0 = Debug|x64
		{5D831D67-E480-4A7A-9D50-88414B61D39E}.Debug|x86.ActiveCfg = Debug|Win32
		{5D831D67-E480-4A7A-9D50-88414B61D39E}.Debug|x86.Build.0 = Debug|Win32
		{5D831D67-E480-4A7A-9D50-88414B61D39E}.Release|Any CPU.ActiveCfg = Release|x64
		{5D831D67-E480-4A7A-9D50-88414B61D39E}.Release|Any CPU.Build.0 = Release|x64
		{5D831D67-E480-4A7A-9D50-88414B61D39E}.Release|x64.ActiveCfg = Release|x64
		{5D831D67-E480-4A7A-9D50-88414B61D39E}.Release|x64.Build.0 = Release|x64
		{5D831D67-E480-4A7A-9D50-88414B61D39E}.Release|x86.ActiveCfg = Release|Win32
		{5D831D67-E480-4A7A-9D50-88414B61D39E}.Release|x86.Build.0 = Release|Win32
		{152400B0-D10E-4C76-AA65-632CF9AD630C}.Debug|Any CPU.ActiveCfg = Debug|x64
		{152400B0-D10E-4C76-AA65-632CF9AD630C}.Debug|Any CPU.Build.0 = Debug|x64
		{152400B0-D10E-4C76-AA65-632CF9AD630C}.Debug|x64.ActiveCfg = Debug|x64
		{152400B0-D10E-4C76-AA65-632CF9AD630C}.Debug|x64.Build.0 = Debug|x64
		{152400B0-D10E-4C76-AA65-632CF9AD630C}.Debug|x86.ActiveCfg = Debug|Win32
		{152400B0-D10E-4C76-AA65-632CF9AD630C}.Debug|x86.Build.0 = Debug|Win32
		{152400B0-D10E-4C76-AA65-632CF9AD630C}.Release|Any CPU.ActiveCfg = Release|x64
		{152400B0-D10E-4C76-AA65-632CF9AD630C}.Release|Any CPU.Build.0 = Release|x64
		{152400B0-D10E-4C76-AA65-632CF9AD630C}.Release|x64.ActiveCfg = Release|x64
		{152400B0-D10E-4C76-AA65-632CF9AD630C}.Release|x64.Build.0 = Release|x64
		{152400B0-D10E-4C76-AA65-632CF9AD630C}.Release|x86.ActiveCfg = Release|Win32
		{152400B0-D10E-4C76-AA65-632CF9AD630C}.Release|x86.Build.0 = Release|Win32
		{0A7731EA-BAD1-4BEE-BE0C-AA1F884E768B}.Debug|Any CPU.ActiveCfg = Debug|x64
		{0A7731EA-BAD1-4BEE-BE0C-AA1F884E768B}.Debug|Any CPU.Build.0 = Debug|x64
		{0A7731EA-BAD1-4BEE-BE0C-AA1F884E768B}.Debug|x64.ActiveCfg = Debug|x64
		{0A7731EA-BAD1-4BEE-BE0C-AA1F884E768B}.Debug|x64.Build.0 = Debug|x64
		{0A7731EA-BAD1-4BEE-BE0C-AA1F884E768B}.Debug|x86.ActiveCfg = Debug|Win32
		{0A7731EA-BAD1-4BEE-BE0C-AA1F884E768B}.Debug|x86.Build.0 = Debug|Win32
		{0A7731EA-BAD1-4BEE-BE0C-AA1F884E768B}.Release|Any CPU.ActiveCfg = Release|x64
		{0A7731EA-BAD1-4BEE-BE0C-AA1F884E768B}.Release|Any CPU.Build.0 = Release|x64
		{0A7731EA-BAD1-4BEE-BE0C-AA1F884E768B}.Release|x64.ActiveCfg = Release|x64
		{0A7731EA-BAD1-4BEE-BE0C-AA1F884E768B}.Release|x64.Build.0 = Release|x64
		{0A7731EA-BAD1-4BEE-BE0C-AA1F884E768B}.Release|x86.ActiveCfg = Release|Win32
		{0A7731EA-BAD1-4BEE-BE0C-AA1F884E768B}.Release|x86.Build.0 = Release|Win32
		{C1D4A954-E634-4908-AD0C-A33D61406181}.Debug|Any CPU.ActiveCfg = Debug|x64
		{C1D4A954-E634-4908-AD0C-A33D61406181}.Debug|Any CPU.Build.0 = Debug|x64
		{C1D4A954-E634-4908-AD0C-A33D61406181}.Debug|x64.ActiveCfg = Debug|x64
		{C1D4A954-E634-4908-AD0C-A33D61406181}.Debug|x64.Build.0 = Debug|x64
		{C1D4A954-E634-4908-AD0C-A33D61406181}.Debug|x86.ActiveCfg = Debug|Win32
		{C1D4A954-E634-4908-AD0C-A33D61406181}.Debug|x86.Build.0 = Debug|Win32
		{C1D4A954-E634-4908-AD0C-A33D61406181}.Release|Any CPU.ActiveCfg = Release|x64
		{C1D4A954-E634-4908-AD0C-A33D61406181}.Release|Any CPU.Build.0 = Release|x64
		{C1D4A954-E634-4908-AD0C-A33D61406181}.Release|x64.ActiveCfg = Release|x64
		{C1D4A954-E634-4908-AD0C-A33D61406181}.Release|x64.Build.0 = Release|x64
		{C1D4A954-E634-4908-AD0C-A33D61406181}.Release|x86.ActiveCfg = Release|Win32
		{C1D4A954-E634-4908-AD0C-A33D61406181}.Release|x86.Build.0 = Release|Win32
		{B29EC540-9C2A-4F0D-8F22-0686A8A5D235}.Debug|Any CPU.ActiveCfg = Debug|x64
		{B29EC540-9C2A-4F0D-8F22-0686A8A5D235}.Debug|Any CPU.Build.0 = Debug|x64
		{B29EC540-9C2A-4F0D-8F22-0686A8A5D235}.Debug|x64.ActiveCfg = Debug|x64
		{B29EC540-9C2A-4F0D-8F22-0686A8A5D235}.Debug|x64.Build.0 = Debug|x64
		{B29EC540-9C2A-4F0D-8F22-0686A8A5D235}.Debug|x86.ActiveCfg = Debug|Win32
		{B29EC540-9C2A-4F0D-8F22-0686A8A5D235}.Debug|x86.Build.0 = Debug|Win32
		{B29EC540-9C2A-4F0D-8F22-0686A8A5D235}.Release|Any CPU.ActiveCfg = Release|x64
		{B29EC540-9C2A-4F0D-8F22-0686A8A5D235}.Release|Any CPU.Build.0 = Release|x64
		{B29EC540-9C2A-4F0D-8F22-0686A8A5D235}.Release|x64.ActiveCfg = Release|x64
		{B29EC540-9C2A-4F0D-8F22-0686A8A5D235}.Release|x64.Build.0 = Release|x64
		{B29EC540-9C2A-4F0D-8F22-0686A8A5D235}.Release|x86.ActiveCfg = Release|Win32
		{B29EC540-9C2A-4F0D-8F22-0686A8A5D235}.Release|x86.Build.0 = Release|Win32
		{9E7A3E28-216C-4A8C-B230-D2BB9A982579}.Debug|Any CPU.ActiveCfg = Debug|x64
		{9E7A3E28-216C-4A8C-B230-D2BB9A982579}.Debug|Any CPU.Build.0 = Debug|x64
		{9E7A3E28-216C-4A8C-B230-D2BB9A982579}.Debug|x64.ActiveCfg = Debug|x64
		{9E7A3E28-216C-4A8C-B230-D2BB9A982579}.Debug|x64.Build.0 = Debug|x64
		{9E7A3E28-216C-4A8C-B230-D2BB9A982579}.Debug|x86.ActiveCfg = Debug|Win32
		{9E7A3E28-216C-4A8C-B230-D2BB9A982579}.Debug|x86.Build.0 = Debug|Win32
		{9E7A3E28-216C-4A8C-B230-D2BB9A982579}.Release|Any CPU.ActiveCfg = Release|x64
		{9E7A3E28-216C-4A8C-B230-D2BB9A982579}.Release|Any CPU.Build.0 = Release|x64
		{9E7A3E28-216C-4A8C-B230-D2BB9A982579}.Release|x64.ActiveCfg = Release|x64
		{9E7A3E28-216C-4A8C-B230-D2BB9A982579}.Release|x64.Build.0 = Release|x64
		{9E7A3E28-216C-4A8C-B230-D2BB9A982579}.Release|x86.ActiveCfg = Release|Win32
		{9E7A3E28-216C-4A8C-B230-D2BB9A982579}.Release|x86.Build.0 = Release|Win32
		{0213AC8A-76F0-4910-8B2B-1BBACC1FB706}.Debug|Any CPU.ActiveCfg = Debug|x64
		{0213AC8A-76F0-4910-8B2B-1BBACC1FB706}.Debug|Any CPU.Build.0 = Debug|x64
		{0213AC8A-76F0-4910-8B2B-1BBACC1FB706}.Debug|x64.ActiveCfg = Debug|x64
		{0213AC8A-76F0-4910-8B2B-1BBACC1FB706}.Debug|x64.Build.0 = Debug|x64
		{0213AC8A-76F0-4910-8B2B-1BBACC1FB706}.Debug|x86.ActiveCfg = Debug|Win32
		{0213AC8A-76F0-4910-8B2B-1BBACC1FB706}.Debug|x86.Build.0 = Debug|Win32
		{0213AC8A-76F0-4910-8B2B-1BBACC1FB706}.Release|Any CPU.ActiveCfg = Release|x64
		{0213AC8A-76F0-4910-8B2B-1BBACC1FB706}.Release|Any CPU.Build.0 = Release|x64
		{0213AC8A-76F0-4910-8B2B-1BBACC1FB706}.Release|x64.ActiveCfg = Release|x64
		{0213AC8A-76F0-4910-8B2B-1BBACC1FB706}.Release|x64.Build.0 = Release|x64
		{0213AC8A-76F0-4910-8B2B-1BBACC1FB706}.Release|x86.ActiveCfg = Release|Win32
		{0213AC8A-76F0-4910-8B2B-1BBACC1FB706}.Release|x86.Build.0 = Release|Win32
		{C553A8BA-6232-49B3-8B81-F167670F0BB9}.Debug|Any CPU.ActiveCfg = Debug|x64
		{C553A8BA-6232-49B3-8B81-F167670F0BB9}.Debug|Any CPU.Build.0 = Debug|x64
		{C553A8BA-6232-49B3-8B81-F167670F0BB9}.Debug|x64.ActiveCfg = Debug|x64
		{C553A8BA-6232-49B3-8B81-F167670F0BB9}.Debug|x64.Build.0 = Debug|x64
		{C553A8BA-6232-49B3-8B81-F167670F0BB9}.Debug|x86.ActiveCfg = Debug|Win32
		{C553A8BA-6232-49B3-8B81-F167670F0BB9}.Debug|x86.Build.0 = Debug|Win32
		{C553A8BA-6232-49B3-8B81-F167670F0BB9}.Release|Any CPU.ActiveCfg = Release|x64
		{C553A8BA-6232-49B3-8B81-F167670F0BB9}.Release|Any CPU.Build.0 = Release|x64
		{C553A8BA-6232-49B3-8B81-F167670F0BB9}.Release|x64.ActiveCfg = Release|x64
		{C553A8BA-6232-49B3-8B81-F167670F0BB9}.Release|x64.Build.0 = Release|x64
		{C553A8BA-6232-49B3-8B81-F167670F0BB9}.Release|x86.ActiveCfg = Release|Win32
		{C553A8BA-6232-49B3-8B81-F167670F0BB9}.Release|x86.Build.0 = Release|Win32
		{22AD3D71-B2BC-4BB6-8A71-25D4B946C281}.Debug|Any CPU.ActiveCfg = Debug|x64
		{22AD3D71-B2BC-4BB6-8A71-25D4B946C281}.Debug|Any CPU.Build.0 = Debug|x64
		{22AD3D71-B2BC-4BB6-8A71-25D4B946C281}.Debug|x64.ActiveCfg = Debug|x64
		{22AD3D71-B2BC-4BB6-8A71-25D4B946C281}.Debug|x64.Build.0 = Debug|x64
		{22AD3D71-B2BC-4BB6-8A71-25D4B946C281}.Debug|x86.ActiveCfg = Debug|Win32
		{22AD3D71-B2BC-4BB6-8A71-25D4B946C281}.Debug|x86.Build.0 = Debug|Win32
		{22AD3D71-B2BC-4BB6-8A71-25D4B946C281}.Release|Any CPU.ActiveCfg = Release|x64
		{22AD3D71-B2BC-4BB6-8A71-25D4B946C281}.Release|Any CPU.Build.0 = Release|x64
		{22AD3D71-B2BC-4BB6-8A71-25D4B946C281}.Release|x64.ActiveCfg = Release|x64
		{22AD3D71-B2BC-4BB6-8A71-25D4B946C281}.Release|x64.Build.0 = Release|x64
		{22AD3D71-B2BC-4BB6-8A71-25D4B946C281}.Release|x86.ActiveCfg = Release|Win32
		{22AD3D71-B2BC-4BB6-8A71-25D4B946C281}.Release|x86.Build.0 = Release|Win32
		{7A20FAB9-5DC0-4927-A8D8-0E3070AE3559}.Debug|Any CPU.ActiveCfg = Debug|x64
		{7A20FAB9-5DC0-4927-A8D8-0E3070AE3559}.Debug|Any CPU.Build.0 = Debug|x64
		{7A20FAB9-5DC0-4927-A8D8-0E3070AE3559}.Debug|x64.ActiveCfg = Debug|x64
		{7A20FAB9-5DC0-4927-A8D8-0E3070AE3559}.Debug|x64.Build.0 = Debug|x64
		{7A20FAB9-5DC0-4927-A8D8-0E3070AE3559}.Debug|x86.ActiveCfg = Debug|Win32
		{7A20FAB9-5DC0-4927-A8D8-0E3070AE3559}.Debug|x86.Build.0 = Debug|Win32
		{7A20FAB9-5DC0-4927-A8D8-0E3070AE3559}.Release|Any CPU.ActiveCfg = Release|x64
		{7A20FAB9-5DC0-4927-A8D8-0E3070AE3559}.Release|Any CPU.Build.0 = Release|x64
		{7A20FAB9-5DC0-4927-A8D8-0E3070AE3559}.Release|x64.ActiveCfg = Release|x64
		{7A20FAB9-5DC0-4927-A8D8-0E3070AE3559}.Release|x64.Build.0 = Release|x64
		{7A20FAB9-5DC0-4927-A8D8-0E3070AE3559}.Release|x86.ActiveCfg = Release|Win32
		{7A20FAB9-5DC0-4927-A8D8-0E3070AE3559}.Release|x86.Build.0 = Release|Win32
		{0E9F7244-1019-40E8-BC61-B96AAB484E32}.Debug|Any CPU.ActiveCfg = Debug|x64
		{0E9F7244-1019-40E8-BC61-B96AAB484E32}.Debug|Any CPU.Build.0 = Debug|x64
		{0E9F7244-1019-40E8-BC61-B96AAB484E32}.Debug|x64.ActiveCfg = Debug|x64
		{0E9F7244-1019-40E8-BC61-B96AAB484E32}.Debug|x64.Build.0 = Debug|x64
		{0E9F7244-1019-40E8-BC61-B96AAB484E32}.Debug|x86.ActiveCfg = Debug|Win32
		{0E9F7244-1019-40E8-BC61-B96AAB484E32}.Debug|x86.Build.0 = Debug|Win32
		{0E9F7244-1019-40E8-BC61-B96AAB484E32}.Release|Any CPU.ActiveCfg = Release|x64
		{0E9F7244-1019-40E8-BC61-B96AAB484E32}.Release|Any CPU.Build.0 = Release|x64
		{0E9F7244-1019-40E8-BC61-B96AAB484E32}.Release|x64.ActiveCfg = Release|x64
		{0E9F7244-1019-40E8-BC61-B96AAB484E32}.Release|x64.Build.0 = Release|x64
		{0E9F7244-1019-40E8-BC61-B96AAB484E32}.Release|x86.ActiveCfg = Release|Win32
		{0E9F7244-1019-40E8-BC61-B96AAB484E32}.Release|x86.Build.0 = Release|Win32
		{79A828EC-B1F2-4C59-AFD2-E63CF8BDE767}.Debug|Any CPU.ActiveCfg = Debug|x64
		{79A828EC-B1F2-4C59-AFD2-E63CF8BDE767}.Debug|Any CPU.Build.0 = Debug|x64
		{79A828EC-B1F2-4C59-AFD2-E63CF8BDE767}.Debug|x64.ActiveCfg = Debug|x64
		{79A828EC-B1F2-4C59-AFD2-E63CF8BDE767}.Debug|x64.Build.0 = Debug|x64
		{79A828EC-B1F2-4C59-AFD2-E63CF8BDE767}.Debug|x86.ActiveCfg = Debug|Win32
		{79A828EC-B1F2-4C59-AFD2-E63CF8BDE767}.Debug|x86.Build.0 = Debug|Win32
		{79A828EC-B1F2-4C59-AFD2-E63CF8BDE767}.Release|Any CPU.ActiveCfg = Release|x64
		{79A828EC-B1F2-4C59-AFD2-E63CF8BDE767}.Release|Any CPU.Build.0 = Release|x64
		{79A828EC-B1F2-4C59-AFD2-E63CF8BDE767}.Release|x64.ActiveCfg = Release|x64
		{79A828EC-B1F2-4C59-AFD2-E63CF8BDE767}.Release|x64.Build.0 = Release|x64
		{79A828EC-B1F2-4C59-AFD2-E63CF8BDE767}.Release|x86.ActiveCfg = Release|Win32
		{79A828EC-B1F2-4C59-AFD2-E63CF8BDE767}.Release|x86.Build.0 = Release|Win32
		{CB3448A9-6D60-4AB2-BADD-123E951FA266}.Debug|Any CPU.ActiveCfg = Debug|x64
		{CB3448A9-6D60-4AB2-BADD-123E951FA266}.Debug|Any CPU.Build.0 = Debug|x64
		{CB3448A9-6D60-4AB2-BADD-123E951FA266}.Debug|x64.ActiveCfg = Debug|x64
		{CB3448A9-6D60-4AB2-BADD-123E951FA266}.Debug|x64.Build.0 = Debug|x64
		{CB3448A9-6D60-4AB2-BADD-123E951FA266}.Debug|x86.ActiveCfg = Debug|Win32
		{CB3448A9-6D60-4AB2-BADD-123E951FA266}.Debug|x86.Build.0 = Debug|Win32
		{CB3448A9-6D60-4AB2-BADD-123E951FA266}.Release|Any CPU.ActiveCfg = Release|x64
		{CB3448A9-6D60-4AB2-BADD-123E951FA266}.Release|Any CPU.Build.0 = Release|x64
		{CB3448A9-6D60-4AB2-BADD-123E951FA266}.Release|x64.ActiveCfg = Release|x64
		{CB3448A9-6D60-4AB2-BADD-123E951FA266}.Release|x64.Build.0 = Release|x64
		{CB3448A9-6D60-4AB2-BADD-123E951FA266}.Release|x86.ActiveCfg = Release|Win32
		{CB3448A9-6D60-4AB2-BADD-123E951FA266}.Release|x86.Build.0 = Release|Win32
		{05C9E04C-7DBA-47C3-BCA7-7D4F69526196}.Debug|Any CPU.ActiveCfg = Debug|x64
		{05C9E04C-7DBA-47C3-BCA7-7D4F69526196}.Debug|Any CPU.Build.0 = Debug|x64
		{05C9E04C-7DBA-47C3-BCA7-7D4F69526196}.Debug|x64.ActiveCfg = Debug|x64
		{05C9E04C-7DBA-47C3-BCA7-7D4F69526196}.Debug|x64.Build.0 = Debug|x64
		{05C9E04C-7DBA-47C3-BCA7-7D4F69526196}.Debug|x86.ActiveCfg = Debug|Win32
		{05C9E04C-7DBA-47C3-BCA7-7D4F69526196}.Debug|x86.Build.0 = Debug|Win32
		{05C9E04C-7DBA-47C3-BCA7-7D4F69526196}.Release|Any CPU.ActiveCfg = Release|x64
		{05C9E04C-7DBA-47C3-BCA7-7D4F69526196}.Release|Any CPU.Build.0 = Release|x64
		{05C9E04C-7DBA-47C3-BCA7-7D4F69526196}.Release|x64.ActiveCfg = Release|x64
		{05C9E04C-7DBA-47C3-BCA7-7D4F69526196}.Release|x64.Build.0 = Release|x64
		{05C9E04C-7DBA-47C3-BCA7-7D4F69526196}.Release|x86.ActiveCfg = Release|Win32
		{05C9E04C-7DBA-47C3-BCA7-7D4F69526196}.Release|x86.Build.0 = Release|Win32
		{1C6367B2-0E0F-4F5B-8FD1-2F5B414A2C76}.Debug|Any CPU.ActiveCfg = Debug|x64
		{1C6367B2-0E0F-4F5B-8FD1-2F5B414A2C76}.Debug|Any CPU.Build.0 = Debug|x64
		{1C6367B2-0E0F-4F5B-8FD1-2F5B414A2C76}.Debug|x64.ActiveCfg = Debug|x64
		{1C6367B2-0E0F-4F5B-8FD1-2F5B414A2C76}.Debug|x64.Build.0 = Debug|x64
		{1C6367B2-0E0F-4F5B-8FD1-2F5B414A2C76}.Debug|x86.ActiveCfg = Debug|Win32
		{1C6367B2-0E0F-4F5B-8FD1-2F5B414A2C76}.Debug|x86.Build.0 = Debug|Win32
		{1C6367B2-0E0F-4F5B-8FD1-2F5B414A2C76}.Release|Any CPU.ActiveCfg = Release|x64
		{1C6367B2-0E0F-4F5B-8FD1-2F5B414A2C76}.Release|Any CPU.Build.0 = Release|x64
		{1C6367B2-0E0F-4F5B-8FD1-2F5B414A2C76}.Release|x64.ActiveCfg = Release|x64
		{1C6367B2-0E0F-4F5B-8FD1-2F5B414A2C76}.Release|x64.Build.0 = Release|x64
		{1C6367B2-0E0F-4F5B-8FD1-2F5B414A2C76}.Release|x86.ActiveCfg = Release|Win32
		{1C6367B2-0E0F-4F5B-8FD1-2F5B414A2C76}.Release|x86.Build.0 = Release|Win32
		{E6CE3DD4-2462-46A4-B014-C7BEBE5FBAFD}.Debug|Any CPU.ActiveCfg = Debug|x64
		{E6CE3DD4-2462-46A4-B014-C7BEBE5FBAFD}.Debug|Any CPU.Build.0 = Debug|x64
		{E6CE3DD4-2462-46A4-B014-C7BEBE5FBAFD}.Debug|x64.ActiveCfg = Debug|x64
		{E6CE3DD4-2462-46A4-B014-C7BEBE5FBAFD}.Debug|x64.Build.0 = Debug|x64
		{E6CE3DD4-2462-46A4-B014-C7BEBE5FBAFD}.Debug|x86.ActiveCfg = Debug|Win32
		{E6CE3DD4-2462-46A4-B014-C7BEBE5FBAFD}.Debug|x86.Build.0 = Debug|Win32
		{E6CE3DD4-2462-46A4-B014-C7BEBE5FBAFD}.Release|Any CPU.ActiveCfg = Release|x64
		{E6CE3DD4-2462-46A4-B014-C7BEBE5FBAFD}.Release|Any CPU.Build.0 = Release|x64
		{E6CE3DD4-2462-46A4-B014-C7BEBE5FBAFD}.Release|x64.ActiveCfg = Release|x64
		{E6CE3DD4-2462-46A4-B014-C7BEBE5FBAFD}.Release|x64.Build.0 = Release|x64
		{E6CE3DD4-2462-46A4-B014-C7BEBE5FBAFD}.Release|x86.ActiveCfg = Release|Win32
		{E6CE3DD4-2462-46A4-B014-C7BEBE5FBAFD}.Release|x86.Build.0 = Release|Win32
		{C01F9F0D-7B1F-48B3-B8A1-464E656D7F67}.Debug|Any CPU.ActiveCfg = Debug|x64
		{C01F9F0D-7B1F-48B3-B8A1-464E656D7F67}.Debug|Any CPU.Build.0 = Debug|x64
		{C01F9F0D-7B1F-48B3-B8A1-464E656D7F67}.Debug|x64.ActiveCfg = Debug|x64
		{C01F9F0D-7B1F-48B3-B8A1-464E656D7F67}.Debug|x64.Build.0 = Debug|x64
		{C01F9F0D-7B1F-48B3-B8A1-464E656D7F67}.Debug|x86.ActiveCfg = Debug|Win32
		{C01F9F0D-7B1F-48B3-B8A1-464E656D7F67}.Debug|x86.Build.0 = Debug|Win32
		{C01F9F0D-7B1F-48B3-B8A1-464E656D7F67}.Release|Any CPU.ActiveCfg = Release|x64
		{C01F9F0D-7B1F-48B3-B8A1-464E656D7F67}.Release|Any CPU.Build.0 = Release|x64
		{C01F9F0D-7B1F-48B3-B8A1-464E656D7F67}.Release|x64.ActiveCfg = Release|x64
		{C01F9F0D-7B1F-48B3-B8A1-464E656D7F67}.Release|x64.Build.0 = Release|x64
		{C01F9F0D-7B1F-48B3-B8A1-464E656D7F67}.Release|x86.ActiveCfg = Release|Win32
		{C01F9F0D-7B1F-48B3-B8A1-464E656D7F67}.Release|x86.Build.0 = Release|Win32
		{DAA0BB49-BF3F-4700-B646-33D2A7B7FA6A}.Debug|Any CPU.ActiveCfg = Debug|x64
		{DAA0BB49-BF3F-4700-B646-33D2A7B7FA6A}.Debug|Any CPU.Build.0 = Debug|x64
		{DAA0BB49-BF3F-4700-B646-33D2A7B7FA6A}.Debug|x64.ActiveCfg = Debug|x64
		{DAA0BB49-BF3F-4700-B646-33D2A7B7FA6A}.Debug|x64.Build.0 = Debug|x64
		{DAA0BB49-BF3F-4700-B646-33D2A7B7FA6A}.Debug|x86.ActiveCfg = Debug|Win32
		{DAA0BB49-BF3F-4700-B646-33D2A7B7FA6A}.Debug|x86.Build.0 = Debug|Win32
		{DAA0BB49-BF3F-4700-B646-33D2A7B7FA6A}.Release|Any CPU.ActiveCfg = Release|x64
		{DAA0BB49-BF3F-4700-B646-33D2A7B7FA6A}.Release|Any CPU.Build.0 = Release|x64
		{DAA0BB49-BF3F-4700-B646-33D2A7B7FA6A}.Release|x64.ActiveCfg = Release|x64
		{DAA0BB49-BF3F-4700-B646-33D2A7B7FA6A}.Release|x64.Build.0 = Release|x64
		{DAA0BB49-BF3F-4700-B646-33D2A7B7FA6A}.Release|x86.ActiveCfg = Release|Win32
		{DAA0BB49-BF3F-4700-B646-33D2A7B7FA6A}.Release|x86.Build.0 = Release|Win32
		{3E39F402-375A-409F-89F5-31BFDE3A3CC4}.Debug|Any CPU.ActiveCfg = Debug|x64
		{3E39F402-375A-409F-89F5-31BFDE3A3CC4}.Debug|Any CPU.Build.0 = Debug|x64
		{3E39F402-375A-409F-89F5-31BFDE3A3CC4}.Debug|x64.ActiveCfg = Debug|x64
		{3E39F402-375A-409F-89F5-31BFDE3A3CC4}.Debug|x64.Build.0 = Debug|x64
		{3E39F402-375A-409F-89F5-31BFDE3A3CC4}.Debug|x86.ActiveCfg = Debug|Win32
		{3E39F402-375A-409F-89F5-31BFDE3A3CC4}.Debug|x86.Build.0 = Debug|Win32
		{3E39F402-375A-409F-89F5-31BFDE3A3CC4}.Release|Any CPU.ActiveCfg = Release|x64
		{3E39F402-375A-409F-89F5-31BFDE3A3CC4}.Release|Any CPU.Build.0 = Release|x64
		{3E39F402-375A-409F-89F5-31BFDE3A3CC4}.Release|x64.ActiveCfg = Release|x64
		{3E39F402-375A-409F-89F5-31BFDE3A3CC4}.Release|x64.Build.0 = Release|x64
		{3E39F402-375A-409F-89F5-31BFDE3A3CC4}.Release|x86.ActiveCfg = Release|Win32
		{3E39F402-375A-409F-89F5-31BFDE3A3CC4}.Release|x86.Build.0 = Release|Win32
		{98A4DF63-935C-483A-9602-B559A56F2EA6}.Debug|Any CPU.ActiveCfg = Debug|x64
		{98A4DF63-935C-483A-9602-B559A56F2EA6}.Debug|Any CPU.Build.0 = Debug|x64
		{98A4DF63-935C-483A-9602-B559A56F2EA6}.Debug|x64.ActiveCfg = Debug|x64
		{98A4DF63-935C-483A-9602-B559A56F2EA6}.Debug|x64.Build.0 = Debug|x64
		{98A4DF63-935C-483A-9602-B559A56F2EA6}.Debug|x86.ActiveCfg = Debug|Win32
		{98A4DF63-935C-483A-9602-B559A56F2EA6}.Debug|x86.Build.0 = Debug|Win32
		{98A4DF63-935C-483A-9602-B559A56F2EA6}.Release|Any CPU.ActiveCfg = Release|x64
		{98A4DF63-935C-483A-9602-B559A56F2EA6}.Release|Any CPU.Build.0 = Release|x64
		{98A4DF63-935C-483A-9602-B559A56F2EA6}.Release|x64.ActiveCfg = Release|x64
		{98A4DF63-935C-483A-9602-B559A56F2EA6}.Release|x64.Build.0 = Release|x64
		{98A4DF63-935C-483A-9602-B559A56F2EA6}.Release|x86.ActiveCfg = Release|Win32
		{98A4DF63-935C-483A-9602-B559A56F2EA6}.Release|x86.Build.0 = Release|Win32
		{DC402CDA-F514-47CA-9B16-7942D7A699CA}.Debug|Any CPU.ActiveCfg = Debug|x64
		{DC402CDA-F514-47CA-9B16-7942D7A699CA}.Debug|Any CPU.Build.0 = Debug|x64
		{DC402CDA-F514-47CA-9B16-7942D7A699CA}.Debug|x64.ActiveCfg = Debug|x64
		{DC402CDA-F514-47CA-9B16-7942D7A699CA}.Debug|x64.Build.0 = Debug|x64
		{DC402CDA-F514-47CA-9B16-7942D7A699CA}.Debug|x86.ActiveCfg = Debug|Win32
		{DC402CDA-F514-47CA-9B16-7942D7A699CA}.Debug|x86.Build.0 = Debug|Win32
		{DC402CDA-F514-47CA-9B16-7942D7A699CA}.Release|Any CPU.ActiveCfg = Release|x64
		{DC402CDA-F514-47CA-9B16-7942D7A699CA}.Release|Any CPU.Build.0 = Release|x64
		{DC402CDA-F514-47CA-9B16-7942D7A699CA}.Release|x64.ActiveCfg = Release|x64
		{DC402CDA-F514-47CA-9B16-7942D7A699CA}.Release|x64.Build.0 = Release|x64
		{DC402CDA-F514-47CA-9B16-7942D7A699CA}.Release|x86.ActiveCfg = Release|Win32
		{DC402CDA-F514-47CA-9B16-7942D7A699CA}.Release|x86.Build.0 = Release|Win32
		{E78E95E7-5FB1-4C8E-B16E-AE0BD7A2C0C1}.Debug|Any CPU.ActiveCfg = Debug|x64
		{E78E95E7-5FB1-4C8E-B16E-AE0BD7A2C0C1}.Debug|Any CPU.Build.0 = Debug|x64
		{E78E95E7-5FB1-4C8E-B16E-AE0BD7A2C0C1}.Debug|x64.ActiveCfg = Debug|x64
		{E78E95E7-5FB1-4C8E-B16E-AE0BD7A2C0C1}.Debug|x64.Build.0 = Debug|x64
		{E78E95E7-5FB1-4C8E-B16E-AE0BD7A2C0C1}.Debug|x86.ActiveCfg = Debug|Win32
		{E78E95E7-5FB1-4C8E-B16E-AE0BD7A2C0C1}.Debug|x86.Build.0 = Debug|Win32
		{E78E95E7-5FB1-4C8E-B16E-AE0BD7A2C0C1}.Release|Any CPU.ActiveCfg = Release|x64
		{E78E95E7-5FB1-4C8E-B16E-AE0BD7A2C0C1}.Release|Any CPU.Build.0 = Release|x64
		{E78E95E7-5FB1-4C8E-B16E-AE0BD7A2C0C1}.Release|x64.ActiveCfg = Release|x64
		{E78E95E7-5FB1-4C8E-B16E-AE0BD7A2C0C1}.Release|x64.Build.0 = Release|x64
		{E78E95E7-5FB1-4C8E-B16E-AE0BD7A2C0C1}.Release|x86.ActiveCfg = Release|Win32
		{E78E95E7-5FB1-4C8E-B16E-AE0BD7A2C0C1}.Release|x86.Build.0 = Release|Win32
	EndGlobalSection
	GlobalSection(SolutionProperties) = preSolution
		HideSolutionNode = FALSE
	EndGlobalSection
	GlobalSection(ExtensibilityGlobals) = postSolution
		SolutionGuid = {FB47E7D4-75DE-4383-8936-9AA2CB244420}
	EndGlobalSection
EndGlobal
